
Microsoft Visual Studio Solution File, Format Version 12.00
# Visual Studio Version 17
VisualStudioVersion = 17.7.34018.315
MinimumVisualStudioVersion = 10.0.40219.1
Project("{FAE04EC0-301F-11D3-BF4B-00C04F79EFBC}") = "DependencyInversion.Notificaciones", "DependencyInversion.Notificaciones\DependencyInversion.Notificaciones.csproj", "{DCFEF7D4-D13A-4839-92A2-5EF9DB0140E9}"
EndProject
Global
	GlobalSection(SolutionConfigurationPlatforms) = preSolution
		Debug|Any CPU = Debug|Any CPU
		Release|Any CPU = Release|Any CPU
	EndGlobalSection
	GlobalSection(ProjectConfigurationPlatforms) = postSolution
		{DCFEF7D4-D13A-4839-92A2-5EF9DB0140E9}.Debug|Any CPU.ActiveCfg = Debug|Any CPU
		{DCFEF7D4-D13A-4839-92A2-5EF9DB0140E9}.Debug|Any CPU.Build.0 = Debug|Any CPU
		{DCFEF7D4-D13A-4839-92A2-5EF9DB0140E9}.Release|Any CPU.ActiveCfg = Release|Any CPU
		{DCFEF7D4-D13A-4839-92A2-5EF9DB0140E9}.Release|Any CPU.Build.0 = Release|Any CPU
	EndGlobalSection
	GlobalSection(SolutionProperties) = preSolution
		HideSolutionNode = FALSE
	EndGlobalSection
	GlobalSection(ExtensibilityGlobals) = postSolution
		SolutionGuid = {22FFE7BD-D585-4401-8A73-9536D19EE555}
	EndGlobalSection
EndGlobal
